// !$*UTF8*$!
{
	archiveVersion = 1;
	classes = {
	};
	objectVersion = 46;
	objects = {

/* Begin PBXBuildFile section */
		435F969A19FFF38D004AC4D9 /* analisador2.c in Sources */ = {isa = PBXBuildFile; fileRef = 435F969919FFF38D004AC4D9 /* analisador2.c */; };
		43FE6A8119EB327500758822 /* analisador.c in Sources */ = {isa = PBXBuildFile; fileRef = 43FE6A7A19EB327500758822 /* analisador.c */; };
		43FE6A8219EB327500758822 /* balloc.c in Sources */ = {isa = PBXBuildFile; fileRef = 43FE6A7C19EB327500758822 /* balloc.c */; };
		43FE6A8319EB327500758822 /* imprimearvore.c in Sources */ = {isa = PBXBuildFile; fileRef = 43FE6A7E19EB327500758822 /* imprimearvore.c */; };
		43FE6A8419EB327500758822 /* principal.c in Sources */ = {isa = PBXBuildFile; fileRef = 43FE6A8019EB327500758822 /* principal.c */; };
/* End PBXBuildFile section */

/* Begin PBXCopyFilesBuildPhase section */
		43FE6A5F19EB321E00758822 /* CopyFiles */ = {
			isa = PBXCopyFilesBuildPhase;
			buildActionMask = 2147483647;
			dstPath = /usr/share/man/man1/;
			dstSubfolderSpec = 0;
			files = (
			);
			runOnlyForDeploymentPostprocessing = 1;
		};
/* End PBXCopyFilesBuildPhase section */

/* Begin PBXFileReference section */
		435F969919FFF38D004AC4D9 /* analisador2.c */ = {isa = PBXFileReference; fileEncoding = 4; lastKnownFileType = sourcecode.c.c; name = analisador2.c; path = code/analisador2.c; sourceTree = "<group>"; };
		43FE6A6119EB321E00758822 /* lab06 */ = {isa = PBXFileReference; explicitFileType = "compiled.mach-o.executable"; includeInIndex = 0; path = lab06; sourceTree = BUILT_PRODUCTS_DIR; };
		43FE6A6C19EB322C00758822 /* tests */ = {isa = PBXFileReference; lastKnownFileType = folder; path = tests; sourceTree = "<group>"; };
		43FE6A7A19EB327500758822 /* analisador.c */ = {isa = PBXFileReference; fileEncoding = 5; lastKnownFileType = sourcecode.c.c; name = analisador.c; path = code/analisador.c; sourceTree = "<group>"; };
		43FE6A7B19EB327500758822 /* analisador.h */ = {isa = PBXFileReference; fileEncoding = 5; lastKnownFileType = sourcecode.c.h; name = analisador.h; path = code/analisador.h; sourceTree = "<group>"; };
		43FE6A7C19EB327500758822 /* balloc.c */ = {isa = PBXFileReference; fileEncoding = 4; lastKnownFileType = sourcecode.c.c; name = balloc.c; path = code/balloc.c; sourceTree = "<group>"; };
		43FE6A7D19EB327500758822 /* balloc.h */ = {isa = PBXFileReference; fileEncoding = 4; lastKnownFileType = sourcecode.c.h; name = balloc.h; path = code/balloc.h; sourceTree = "<group>"; };
		43FE6A7E19EB327500758822 /* imprimearvore.c */ = {isa = PBXFileReference; fileEncoding = 4; lastKnownFileType = sourcecode.c.c; name = imprimearvore.c; path = code/imprimearvore.c; sourceTree = "<group>"; };
		43FE6A7F19EB327500758822 /* imprimearvore.h */ = {isa = PBXFileReference; fileEncoding = 4; lastKnownFileType = sourcecode.c.h; name = imprimearvore.h; path = code/imprimearvore.h; sourceTree = "<group>"; };
		43FE6A8019EB327500758822 /* principal.c */ = {isa = PBXFileReference; fileEncoding = 5; lastKnownFileType = sourcecode.c.c; lineEnding = 0; name = principal.c; path = code/principal.c; sourceTree = "<group>"; };
/* End PBXFileReference section */

/* Begin PBXFrameworksBuildPhase section */
		43FE6A5E19EB321E00758822 /* Frameworks */ = {
			isa = PBXFrameworksBuildPhase;
			buildActionMask = 2147483647;
			files = (
			);
			runOnlyForDeploymentPostprocessing = 0;
		};
/* End PBXFrameworksBuildPhase section */

/* Begin PBXGroup section */
		43FE6A5819EB321E00758822 = {
			isa = PBXGroup;
			children = (
				43FE6A7A19EB327500758822 /* analisador.c */,
				435F969919FFF38D004AC4D9 /* analisador2.c */,
				43FE6A7B19EB327500758822 /* analisador.h */,
				43FE6A7C19EB327500758822 /* balloc.c */,
				43FE6A7D19EB327500758822 /* balloc.h */,
				43FE6A7E19EB327500758822 /* imprimearvore.c */,
				43FE6A7F19EB327500758822 /* imprimearvore.h */,
				43FE6A8019EB327500758822 /* principal.c */,
				43FE6A6C19EB322C00758822 /* tests */,
				43FE6A6219EB321E00758822 /* Products */,
			);
			sourceTree = "<group>";
		};
		43FE6A6219EB321E00758822 /* Products */ = {
			isa = PBXGroup;
			children = (
				43FE6A6119EB321E00758822 /* lab06 */,
			);
			name = Products;
			sourceTree = "<group>";
		};
/* End PBXGroup section */

/* Begin PBXNativeTarget section */
		43FE6A6019EB321E00758822 /* lab06 */ = {
			isa = PBXNativeTarget;
			buildConfigurationList = 43FE6A6819EB321E00758822 /* Build configuration list for PBXNativeTarget "lab06" */;
			buildPhases = (
				43FE6A5D19EB321E00758822 /* Sources */,
				43FE6A5E19EB321E00758822 /* Frameworks */,
				43FE6A5F19EB321E00758822 /* CopyFiles */,
			);
			buildRules = (
			);
			dependencies = (
			);
			name = lab06;
			productName = lab06;
			productReference = 43FE6A6119EB321E00758822 /* lab06 */;
			productType = "com.apple.product-type.tool";
		};
/* End PBXNativeTarget section */

/* Begin PBXProject section */
		43FE6A5919EB321E00758822 /* Project object */ = {
			isa = PBXProject;
			attributes = {
				LastUpgradeCheck = 0600;
				ORGANIZATIONNAME = "Henrique Noronha Facioli";
				TargetAttributes = {
					43FE6A6019EB321E00758822 = {
						CreatedOnToolsVersion = 6.0.1;
					};
				};
			};
			buildConfigurationList = 43FE6A5C19EB321E00758822 /* Build configuration list for PBXProject "lab06" */;
			compatibilityVersion = "Xcode 3.2";
			developmentRegion = English;
			hasScannedForEncodings = 0;
			knownRegions = (
				en,
			);
			mainGroup = 43FE6A5819EB321E00758822;
			productRefGroup = 43FE6A6219EB321E00758822 /* Products */;
			projectDirPath = "";
			projectRoot = "";
			targets = (
				43FE6A6019EB321E00758822 /* lab06 */,
			);
		};
/* End PBXProject section */

/* Begin PBXSourcesBuildPhase section */
		43FE6A5D19EB321E00758822 /* Sources */ = {
			isa = PBXSourcesBuildPhase;
			buildActionMask = 2147483647;
			files = (
				435F969A19FFF38D004AC4D9 /* analisador2.c in Sources */,
				43FE6A8319EB327500758822 /* imprimearvore.c in Sources */,
				43FE6A8219EB327500758822 /* balloc.c in Sources */,
				43FE6A8419EB327500758822 /* principal.c in Sources */,
				43FE6A8119EB327500758822 /* analisador.c in Sources */,
			);
			runOnlyForDeploymentPostprocessing = 0;
		};
/* End PBXSourcesBuildPhase section */

/* Begin XCBuildConfiguration section */
		43FE6A6619EB321E00758822 /* Debug */ = {
			isa = XCBuildConfiguration;
			buildSettings = {
				ALWAYS_SEARCH_USER_PATHS = NO;
				CLANG_CXX_LANGUAGE_STANDARD = "gnu++0x";
				CLANG_CXX_LIBRARY = "libc++";
				CLANG_ENABLE_MODULES = YES;
				CLANG_ENABLE_OBJC_ARC = YES;
				CLANG_WARN_BOOL_CONVERSION = YES;
				CLANG_WARN_CONSTANT_CONVERSION = YES;
				CLANG_WARN_DIRECT_OBJC_ISA_USAGE = YES_ERROR;
				CLANG_WARN_EMPTY_BODY = YES;
				CLANG_WARN_ENUM_CONVERSION = YES;
				CLANG_WARN_INT_CONVERSION = YES;
				CLANG_WARN_OBJC_ROOT_CLASS = YES_ERROR;
				CLANG_WARN_UNREACHABLE_CODE = YES;
				CLANG_WARN__DUPLICATE_METHOD_MATCH = YES;
				COPY_PHASE_STRIP = NO;
				ENABLE_STRICT_OBJC_MSGSEND = YES;
				GCC_C_LANGUAGE_STANDARD = gnu99;
				GCC_DYNAMIC_NO_PIC = NO;
				GCC_OPTIMIZATION_LEVEL = 0;
				GCC_PREPROCESSOR_DEFINITIONS = (
					"DEBUG=1",
					"$(inherited)",
				);
				GCC_SYMBOLS_PRIVATE_EXTERN = NO;
				GCC_WARN_64_TO_32_BIT_CONVERSION = YES;
				GCC_WARN_ABOUT_RETURN_TYPE = YES_ERROR;
				GCC_WARN_UNDECLARED_SELECTOR = YES;
				GCC_WARN_UNINITIALIZED_AUTOS = YES_AGGRESSIVE;
				GCC_WARN_UNUSED_FUNCTION = YES;
				GCC_WARN_UNUSED_VARIABLE = YES;
				MACOSX_DEPLOYMENT_TARGET = 10.10;
				MTL_ENABLE_DEBUG_INFO = YES;
				ONLY_ACTIVE_ARCH = YES;
				SDKROOT = macosx;
			};
			name = Debug;
		};
		43FE6A6719EB321E00758822 /* Release */ = {
			isa = XCBuildConfiguration;
			buildSettings = {
				ALWAYS_SEARCH_USER_PATHS = NO;
				CLANG_CXX_LANGUAGE_STANDARD = "gnu++0x";
				CLANG_CXX_LIBRARY = "libc++";
				CLANG_ENABLE_MODULES = YES;
				CLANG_ENABLE_OBJC_ARC = YES;
				CLANG_WARN_BOOL_CONVERSION = YES;
				CLANG_WARN_CONSTANT_CONVERSION = YES;
				CLANG_WARN_DIRECT_OBJC_ISA_USAGE = YES_ERROR;
				CLANG_WARN_EMPTY_BODY = YES;
				CLANG_WARN_ENUM_CONVERSION = YES;
				CLANG_WARN_INT_CONVERSION = YES;
				CLANG_WARN_OBJC_ROOT_CLASS = YES_ERROR;
				CLANG_WARN_UNREACHABLE_CODE = YES;
				CLANG_WARN__DUPLICATE_METHOD_MATCH = YES;
				COPY_PHASE_STRIP = YES;
				DEBUG_INFORMATION_FORMAT = "dwarf-with-dsym";
				ENABLE_NS_ASSERTIONS = NO;
				ENABLE_STRICT_OBJC_MSGSEND = YES;
				GCC_C_LANGUAGE_STANDARD = gnu99;
				GCC_WARN_64_TO_32_BIT_CONVERSION = YES;
				GCC_WARN_ABOUT_RETURN_TYPE = YES_ERROR;
				GCC_WARN_UNDECLARED_SELECTOR = YES;
				GCC_WARN_UNINITIALIZED_AUTOS = YES_AGGRESSIVE;
				GCC_WARN_UNUSED_FUNCTION = YES;
				GCC_WARN_UNUSED_VARIABLE = YES;
				MACOSX_DEPLOYMENT_TARGET = 10.10;
				MTL_ENABLE_DEBUG_INFO = NO;
				SDKROOT = macosx;
			};
			name = Release;
		};
		43FE6A6919EB321E00758822 /* Debug */ = {
			isa = XCBuildConfiguration;
			buildSettings = {
				PRODUCT_NAME = "$(TARGET_NAME)";
			};
			name = Debug;
		};
		43FE6A6A19EB321E00758822 /* Release */ = {
			isa = XCBuildConfiguration;
			buildSettings = {
				PRODUCT_NAME = "$(TARGET_NAME)";
			};
			name = Release;
		};
/* End XCBuildConfiguration section */

/* Begin XCConfigurationList section */
		43FE6A5C19EB321E00758822 /* Build configuration list for PBXProject "lab06" */ = {
			isa = XCConfigurationList;
			buildConfigurations = (
				43FE6A6619EB321E00758822 /* Debug */,
				43FE6A6719EB321E00758822 /* Release */,
			);
			defaultConfigurationIsVisible = 0;
			defaultConfigurationName = Release;
		};
		43FE6A6819EB321E00758822 /* Build configuration list for PBXNativeTarget "lab06" */ = {
			isa = XCConfigurationList;
			buildConfigurations = (
				43FE6A6919EB321E00758822 /* Debug */,
				43FE6A6A19EB321E00758822 /* Release */,
			);
			defaultConfigurationIsVisible = 0;
			defaultConfigurationName = Release;
		};
/* End XCConfigurationList section */
	};
	rootObject = 43FE6A5919EB321E00758822 /* Project object */;
}
