// !$*UTF8*$!
{
	archiveVersion = 1;
	classes = {
	};
	objectVersion = 46;
	objects = {

/* Begin PBXBuildFile section */
		43ABAF2E19E9C154007EB4D5 /* analisador.c in Sources */ = {isa = PBXBuildFile; fileRef = 43ABAF2B19E9C154007EB4D5 /* analisador.c */; };
		43ABAF2F19E9C154007EB4D5 /* principal.c in Sources */ = {isa = PBXBuildFile; fileRef = 43ABAF2D19E9C154007EB4D5 /* principal.c */; };
/* End PBXBuildFile section */

/* Begin PBXCopyFilesBuildPhase section */
		43ABAF1A19E9BFCE007EB4D5 /* CopyFiles */ = {
			isa = PBXCopyFilesBuildPhase;
			buildActionMask = 2147483647;
			dstPath = /usr/share/man/man1/;
			dstSubfolderSpec = 0;
			files = (
			);
			runOnlyForDeploymentPostprocessing = 1;
		};
/* End PBXCopyFilesBuildPhase section */

/* Begin PBXFileReference section */
		43ABAF1C19E9BFCE007EB4D5 /* lab051 */ = {isa = PBXFileReference; explicitFileType = "compiled.mach-o.executable"; includeInIndex = 0; path = lab051; sourceTree = BUILT_PRODUCTS_DIR; };
		43ABAF2B19E9C154007EB4D5 /* analisador.c */ = {isa = PBXFileReference; fileEncoding = 5; lastKnownFileType = sourcecode.c.c; name = analisador.c; path = code/analisador.c; sourceTree = SOURCE_ROOT; tabWidth = 4; usesTabs = 0; wrapsLines = 1; };
		43ABAF2C19E9C154007EB4D5 /* analisador.h */ = {isa = PBXFileReference; fileEncoding = 5; lastKnownFileType = sourcecode.c.h; name = analisador.h; path = code/analisador.h; sourceTree = SOURCE_ROOT; };
		43ABAF2D19E9C154007EB4D5 /* principal.c */ = {isa = PBXFileReference; fileEncoding = 5; lastKnownFileType = sourcecode.c.c; name = principal.c; path = code/principal.c; sourceTree = SOURCE_ROOT; };
		43ABAF3019E9C175007EB4D5 /* arq1.in */ = {isa = PBXFileReference; fileEncoding = 4; lastKnownFileType = text; name = arq1.in; path = tests/arq1.in; sourceTree = SOURCE_ROOT; };
		43ABAF3119E9C175007EB4D5 /* arq1.res */ = {isa = PBXFileReference; fileEncoding = 4; lastKnownFileType = text; name = arq1.res; path = tests/arq1.res; sourceTree = SOURCE_ROOT; };
		43ABAF3219E9C175007EB4D5 /* arq2.in */ = {isa = PBXFileReference; fileEncoding = 4; lastKnownFileType = text; name = arq2.in; path = tests/arq2.in; sourceTree = SOURCE_ROOT; };
		43ABAF3319E9C175007EB4D5 /* arq2.res */ = {isa = PBXFileReference; fileEncoding = 4; lastKnownFileType = text; name = arq2.res; path = tests/arq2.res; sourceTree = SOURCE_ROOT; };
		43ABAF3419E9C175007EB4D5 /* arq3.in */ = {isa = PBXFileReference; fileEncoding = 5; lastKnownFileType = text; name = arq3.in; path = tests/arq3.in; sourceTree = SOURCE_ROOT; };
		43ABAF3519E9C175007EB4D5 /* arq3.res */ = {isa = PBXFileReference; fileEncoding = 4; lastKnownFileType = text; name = arq3.res; path = tests/arq3.res; sourceTree = SOURCE_ROOT; };
		43ABAF3619E9C175007EB4D5 /* arq4.in */ = {isa = PBXFileReference; fileEncoding = 4; lastKnownFileType = text; name = arq4.in; path = tests/arq4.in; sourceTree = SOURCE_ROOT; };
		43ABAF3719E9C175007EB4D5 /* arq4.res */ = {isa = PBXFileReference; fileEncoding = 4; lastKnownFileType = text; name = arq4.res; path = tests/arq4.res; sourceTree = SOURCE_ROOT; };
		43ABAF3819E9C175007EB4D5 /* arq5.in */ = {isa = PBXFileReference; fileEncoding = 4; lastKnownFileType = text; name = arq5.in; path = tests/arq5.in; sourceTree = SOURCE_ROOT; };
		43ABAF3919E9C175007EB4D5 /* arq5.res */ = {isa = PBXFileReference; fileEncoding = 4; lastKnownFileType = text; name = arq5.res; path = tests/arq5.res; sourceTree = SOURCE_ROOT; };
		43ABAF3A19E9C175007EB4D5 /* arq6.in */ = {isa = PBXFileReference; fileEncoding = 4; lastKnownFileType = text; name = arq6.in; path = tests/arq6.in; sourceTree = SOURCE_ROOT; };
		43ABAF3B19E9C175007EB4D5 /* arq6.res */ = {isa = PBXFileReference; fileEncoding = 4; lastKnownFileType = text; name = arq6.res; path = tests/arq6.res; sourceTree = SOURCE_ROOT; };
/* End PBXFileReference section */

/* Begin PBXFrameworksBuildPhase section */
		43ABAF1919E9BFCE007EB4D5 /* Frameworks */ = {
			isa = PBXFrameworksBuildPhase;
			buildActionMask = 2147483647;
			files = (
			);
			runOnlyForDeploymentPostprocessing = 0;
		};
/* End PBXFrameworksBuildPhase section */

/* Begin PBXGroup section */
		43ABAF1319E9BFCE007EB4D5 = {
			isa = PBXGroup;
			children = (
				43ABAF1E19E9BFCE007EB4D5 /* lab051 */,
				43ABAF1D19E9BFCE007EB4D5 /* Products */,
			);
			sourceTree = "<group>";
		};
		43ABAF1D19E9BFCE007EB4D5 /* Products */ = {
			isa = PBXGroup;
			children = (
				43ABAF1C19E9BFCE007EB4D5 /* lab051 */,
			);
			name = Products;
			sourceTree = "<group>";
		};
		43ABAF1E19E9BFCE007EB4D5 /* lab051 */ = {
			isa = PBXGroup;
			children = (
				43ABAF3019E9C175007EB4D5 /* arq1.in */,
				43ABAF3119E9C175007EB4D5 /* arq1.res */,
				43ABAF3219E9C175007EB4D5 /* arq2.in */,
				43ABAF3319E9C175007EB4D5 /* arq2.res */,
				43ABAF3419E9C175007EB4D5 /* arq3.in */,
				43ABAF3519E9C175007EB4D5 /* arq3.res */,
				43ABAF3619E9C175007EB4D5 /* arq4.in */,
				43ABAF3719E9C175007EB4D5 /* arq4.res */,
				43ABAF3819E9C175007EB4D5 /* arq5.in */,
				43ABAF3919E9C175007EB4D5 /* arq5.res */,
				43ABAF3A19E9C175007EB4D5 /* arq6.in */,
				43ABAF3B19E9C175007EB4D5 /* arq6.res */,
				43ABAF2B19E9C154007EB4D5 /* analisador.c */,
				43ABAF2C19E9C154007EB4D5 /* analisador.h */,
				43ABAF2D19E9C154007EB4D5 /* principal.c */,
			);
			path = lab051;
			sourceTree = "<group>";
		};
/* End PBXGroup section */

/* Begin PBXNativeTarget section */
		43ABAF1B19E9BFCE007EB4D5 /* lab051 */ = {
			isa = PBXNativeTarget;
			buildConfigurationList = 43ABAF2319E9BFCE007EB4D5 /* Build configuration list for PBXNativeTarget "lab051" */;
			buildPhases = (
				43ABAF1819E9BFCE007EB4D5 /* Sources */,
				43ABAF1919E9BFCE007EB4D5 /* Frameworks */,
				43ABAF1A19E9BFCE007EB4D5 /* CopyFiles */,
			);
			buildRules = (
			);
			dependencies = (
			);
			name = lab051;
			productName = lab051;
			productReference = 43ABAF1C19E9BFCE007EB4D5 /* lab051 */;
			productType = "com.apple.product-type.tool";
		};
/* End PBXNativeTarget section */

/* Begin PBXProject section */
		43ABAF1419E9BFCE007EB4D5 /* Project object */ = {
			isa = PBXProject;
			attributes = {
				LastUpgradeCheck = 0600;
				ORGANIZATIONNAME = "Henrique Noronha Facioli";
				TargetAttributes = {
					43ABAF1B19E9BFCE007EB4D5 = {
						CreatedOnToolsVersion = 6.0.1;
					};
				};
			};
			buildConfigurationList = 43ABAF1719E9BFCE007EB4D5 /* Build configuration list for PBXProject "lab051" */;
			compatibilityVersion = "Xcode 3.2";
			developmentRegion = English;
			hasScannedForEncodings = 0;
			knownRegions = (
				en,
			);
			mainGroup = 43ABAF1319E9BFCE007EB4D5;
			productRefGroup = 43ABAF1D19E9BFCE007EB4D5 /* Products */;
			projectDirPath = "";
			projectRoot = "";
			targets = (
				43ABAF1B19E9BFCE007EB4D5 /* lab051 */,
			);
		};
/* End PBXProject section */

/* Begin PBXSourcesBuildPhase section */
		43ABAF1819E9BFCE007EB4D5 /* Sources */ = {
			isa = PBXSourcesBuildPhase;
			buildActionMask = 2147483647;
			files = (
				43ABAF2F19E9C154007EB4D5 /* principal.c in Sources */,
				43ABAF2E19E9C154007EB4D5 /* analisador.c in Sources */,
			);
			runOnlyForDeploymentPostprocessing = 0;
		};
/* End PBXSourcesBuildPhase section */

/* Begin XCBuildConfiguration section */
		43ABAF2119E9BFCE007EB4D5 /* Debug */ = {
			isa = XCBuildConfiguration;
			buildSettings = {
				ALWAYS_SEARCH_USER_PATHS = NO;
				CLANG_CXX_LANGUAGE_STANDARD = "gnu++0x";
				CLANG_CXX_LIBRARY = "libc++";
				CLANG_ENABLE_MODULES = YES;
				CLANG_ENABLE_OBJC_ARC = YES;
				CLANG_WARN_BOOL_CONVERSION = YES;
				CLANG_WARN_CONSTANT_CONVERSION = YES;
				CLANG_WARN_DIRECT_OBJC_ISA_USAGE = YES_ERROR;
				CLANG_WARN_EMPTY_BODY = YES;
				CLANG_WARN_ENUM_CONVERSION = YES;
				CLANG_WARN_INT_CONVERSION = YES;
				CLANG_WARN_OBJC_ROOT_CLASS = YES_ERROR;
				CLANG_WARN_UNREACHABLE_CODE = YES;
				CLANG_WARN__DUPLICATE_METHOD_MATCH = YES;
				COPY_PHASE_STRIP = NO;
				ENABLE_STRICT_OBJC_MSGSEND = YES;
				GCC_C_LANGUAGE_STANDARD = gnu99;
				GCC_DYNAMIC_NO_PIC = NO;
				GCC_OPTIMIZATION_LEVEL = 0;
				GCC_PREPROCESSOR_DEFINITIONS = (
					"DEBUG=1",
					"$(inherited)",
				);
				GCC_SYMBOLS_PRIVATE_EXTERN = NO;
				GCC_WARN_64_TO_32_BIT_CONVERSION = YES;
				GCC_WARN_ABOUT_RETURN_TYPE = YES_ERROR;
				GCC_WARN_UNDECLARED_SELECTOR = YES;
				GCC_WARN_UNINITIALIZED_AUTOS = YES_AGGRESSIVE;
				GCC_WARN_UNUSED_FUNCTION = YES;
				GCC_WARN_UNUSED_VARIABLE = YES;
				MACOSX_DEPLOYMENT_TARGET = 10.10;
				MTL_ENABLE_DEBUG_INFO = YES;
				ONLY_ACTIVE_ARCH = YES;
				SDKROOT = macosx;
			};
			name = Debug;
		};
		43ABAF2219E9BFCE007EB4D5 /* Release */ = {
			isa = XCBuildConfiguration;
			buildSettings = {
				ALWAYS_SEARCH_USER_PATHS = NO;
				CLANG_CXX_LANGUAGE_STANDARD = "gnu++0x";
				CLANG_CXX_LIBRARY = "libc++";
				CLANG_ENABLE_MODULES = YES;
				CLANG_ENABLE_OBJC_ARC = YES;
				CLANG_WARN_BOOL_CONVERSION = YES;
				CLANG_WARN_CONSTANT_CONVERSION = YES;
				CLANG_WARN_DIRECT_OBJC_ISA_USAGE = YES_ERROR;
				CLANG_WARN_EMPTY_BODY = YES;
				CLANG_WARN_ENUM_CONVERSION = YES;
				CLANG_WARN_INT_CONVERSION = YES;
				CLANG_WARN_OBJC_ROOT_CLASS = YES_ERROR;
				CLANG_WARN_UNREACHABLE_CODE = YES;
				CLANG_WARN__DUPLICATE_METHOD_MATCH = YES;
				COPY_PHASE_STRIP = YES;
				DEBUG_INFORMATION_FORMAT = "dwarf-with-dsym";
				ENABLE_NS_ASSERTIONS = NO;
				ENABLE_STRICT_OBJC_MSGSEND = YES;
				GCC_C_LANGUAGE_STANDARD = gnu99;
				GCC_WARN_64_TO_32_BIT_CONVERSION = YES;
				GCC_WARN_ABOUT_RETURN_TYPE = YES_ERROR;
				GCC_WARN_UNDECLARED_SELECTOR = YES;
				GCC_WARN_UNINITIALIZED_AUTOS = YES_AGGRESSIVE;
				GCC_WARN_UNUSED_FUNCTION = YES;
				GCC_WARN_UNUSED_VARIABLE = YES;
				MACOSX_DEPLOYMENT_TARGET = 10.10;
				MTL_ENABLE_DEBUG_INFO = NO;
				SDKROOT = macosx;
			};
			name = Release;
		};
		43ABAF2419E9BFCE007EB4D5 /* Debug */ = {
			isa = XCBuildConfiguration;
			buildSettings = {
				PRODUCT_NAME = "$(TARGET_NAME)";
			};
			name = Debug;
		};
		43ABAF2519E9BFCE007EB4D5 /* Release */ = {
			isa = XCBuildConfiguration;
			buildSettings = {
				PRODUCT_NAME = "$(TARGET_NAME)";
			};
			name = Release;
		};
/* End XCBuildConfiguration section */

/* Begin XCConfigurationList section */
		43ABAF1719E9BFCE007EB4D5 /* Build configuration list for PBXProject "lab051" */ = {
			isa = XCConfigurationList;
			buildConfigurations = (
				43ABAF2119E9BFCE007EB4D5 /* Debug */,
				43ABAF2219E9BFCE007EB4D5 /* Release */,
			);
			defaultConfigurationIsVisible = 0;
			defaultConfigurationName = Release;
		};
		43ABAF2319E9BFCE007EB4D5 /* Build configuration list for PBXNativeTarget "lab051" */ = {
			isa = XCConfigurationList;
			buildConfigurations = (
				43ABAF2419E9BFCE007EB4D5 /* Debug */,
				43ABAF2519E9BFCE007EB4D5 /* Release */,
			);
			defaultConfigurationIsVisible = 0;
			defaultConfigurationName = Release;
		};
/* End XCConfigurationList section */
	};
	rootObject = 43ABAF1419E9BFCE007EB4D5 /* Project object */;
}
